// !$*UTF8*$!
{
	archiveVersion = 1;
	classes = {
	};
	objectVersion = 55;
	objects = {

/* Begin PBXBuildFile section */
		85F9DA7D87202CD65E33937E /* Pods_Loca.framework in Frameworks */ = {isa = PBXBuildFile; fileRef = 52EFB4E5A77D03716F401341 /* Pods_Loca.framework */; };
		AB3AC32228511F49003FFAAB /* MapViewModel.swift in Sources */ = {isa = PBXBuildFile; fileRef = AB3AC32128511F49003FFAAB /* MapViewModel.swift */; };
		AB3AC32428512910003FFAAB /* ChankedArray.swift in Sources */ = {isa = PBXBuildFile; fileRef = AB3AC32328512910003FFAAB /* ChankedArray.swift */; };
		AB7660192866089100BD7B2E /* PasswordRecoveryView.swift in Sources */ = {isa = PBXBuildFile; fileRef = AB7660182866089100BD7B2E /* PasswordRecoveryView.swift */; };
		AB76601B28660B0900BD7B2E /* PasswordRecoveryViewController.swift in Sources */ = {isa = PBXBuildFile; fileRef = AB76601A28660B0900BD7B2E /* PasswordRecoveryViewController.swift */; };
		AB76601D286617E300BD7B2E /* AuthSample.swift in Sources */ = {isa = PBXBuildFile; fileRef = AB76601C286617E300BD7B2E /* AuthSample.swift */; };
		AB7660202867763300BD7B2E /* UserAreaViewController.swift in Sources */ = {isa = PBXBuildFile; fileRef = AB76601F2867763300BD7B2E /* UserAreaViewController.swift */; };
		AB76602228677BB600BD7B2E /* UserAreaCell.swift in Sources */ = {isa = PBXBuildFile; fileRef = AB76602128677BB600BD7B2E /* UserAreaCell.swift */; };
		AB76602428677C9D00BD7B2E /* UserAreaSettings.swift in Sources */ = {isa = PBXBuildFile; fileRef = AB76602328677C9D00BD7B2E /* UserAreaSettings.swift */; };
		AB76602A28686D5200BD7B2E /* Text.swift in Sources */ = {isa = PBXBuildFile; fileRef = AB76602928686D5200BD7B2E /* Text.swift */; };
		AB76602D286876B000BD7B2E /* BaseRouter.swift in Sources */ = {isa = PBXBuildFile; fileRef = AB76602C286876B000BD7B2E /* BaseRouter.swift */; };
		AB85E6EC287DA4550010FEE2 /* LocationManager.swift in Sources */ = {isa = PBXBuildFile; fileRef = AB85E6EB287DA4550010FEE2 /* LocationManager.swift */; };
		AB85E6F0288C39FD0010FEE2 /* MapRouter.swift in Sources */ = {isa = PBXBuildFile; fileRef = AB85E6EF288C39FD0010FEE2 /* MapRouter.swift */; };
		AB85E6F4288C73930010FEE2 /* MapState.swift in Sources */ = {isa = PBXBuildFile; fileRef = AB85E6F3288C73930010FEE2 /* MapState.swift */; };
		AB9CFFCB283E8E240036575F /* AppDelegate.swift in Sources */ = {isa = PBXBuildFile; fileRef = AB9CFFCA283E8E240036575F /* AppDelegate.swift */; };
		AB9CFFCD283E8E240036575F /* SceneDelegate.swift in Sources */ = {isa = PBXBuildFile; fileRef = AB9CFFCC283E8E240036575F /* SceneDelegate.swift */; };
		AB9CFFCF283E8E240036575F /* MapViewController.swift in Sources */ = {isa = PBXBuildFile; fileRef = AB9CFFCE283E8E240036575F /* MapViewController.swift */; };
		AB9CFFD4283E8E270036575F /* Assets.xcassets in Resources */ = {isa = PBXBuildFile; fileRef = AB9CFFD3283E8E270036575F /* Assets.xcassets */; };
		AB9CFFD7283E8E270036575F /* LaunchScreen.storyboard in Resources */ = {isa = PBXBuildFile; fileRef = AB9CFFD5283E8E270036575F /* LaunchScreen.storyboard */; };
		ABA6C7FF288DDF49008DA26B /* TabBarController.swift in Sources */ = {isa = PBXBuildFile; fileRef = ABA6C7FE288DDF49008DA26B /* TabBarController.swift */; };
		ABA6C801288DEC60008DA26B /* CustomTabBar.swift in Sources */ = {isa = PBXBuildFile; fileRef = ABA6C800288DEC60008DA26B /* CustomTabBar.swift */; };
		ABA6C803288EF8E9008DA26B /* AppColors.swift in Sources */ = {isa = PBXBuildFile; fileRef = ABA6C802288EF8E9008DA26B /* AppColors.swift */; };
		ABA6C805288EF9F7008DA26B /* Colors.xcassets in Resources */ = {isa = PBXBuildFile; fileRef = ABA6C804288EF9F7008DA26B /* Colors.xcassets */; };
		ABA6C809288F2482008DA26B /* RoutesListController.swift in Sources */ = {isa = PBXBuildFile; fileRef = ABA6C808288F2482008DA26B /* RoutesListController.swift */; };
		ABA6C80B288F2518008DA26B /* RoutesListView.swift in Sources */ = {isa = PBXBuildFile; fileRef = ABA6C80A288F2518008DA26B /* RoutesListView.swift */; };
		ABA6C80D288F256A008DA26B /* RouteCell.swift in Sources */ = {isa = PBXBuildFile; fileRef = ABA6C80C288F256A008DA26B /* RouteCell.swift */; };
		ABA6C80F288F25E6008DA26B /* RouteCellView.swift in Sources */ = {isa = PBXBuildFile; fileRef = ABA6C80E288F25E6008DA26B /* RouteCellView.swift */; };
		ABBC14542853647100BF0697 /* LocationRealm.swift in Sources */ = {isa = PBXBuildFile; fileRef = ABBC14532853647100BF0697 /* LocationRealm.swift */; };
		ABBC1456285364F100BF0697 /* RouteRealm.swift in Sources */ = {isa = PBXBuildFile; fileRef = ABBC1455285364F100BF0697 /* RouteRealm.swift */; };
		ABBC14592853677400BF0697 /* RealmManager.swift in Sources */ = {isa = PBXBuildFile; fileRef = ABBC14582853677400BF0697 /* RealmManager.swift */; };
		ABBC1460285A3B9200BF0697 /* AuthViewController.swift in Sources */ = {isa = PBXBuildFile; fileRef = ABBC145F285A3B9200BF0697 /* AuthViewController.swift */; };
		ABBC146A285C8FAA00BF0697 /* AuthView.swift in Sources */ = {isa = PBXBuildFile; fileRef = ABBC1469285C8FAA00BF0697 /* AuthView.swift */; };
		ABCAC8F728A27DF20082BCB6 /* UserSettingsTableViewController.swift in Sources */ = {isa = PBXBuildFile; fileRef = ABCAC8F628A27DF20082BCB6 /* UserSettingsTableViewController.swift */; };
		ABCAC8F928A28A720082BCB6 /* + UIViewController.swift in Sources */ = {isa = PBXBuildFile; fileRef = ABCAC8F828A28A720082BCB6 /* + UIViewController.swift */; };
		ABD35DAB287C5AB400D02F45 /* SceneBlur.swift in Sources */ = {isa = PBXBuildFile; fileRef = ABD35DAA287C5AB400D02F45 /* SceneBlur.swift */; };
		ABD35DAD287C7B4900D02F45 /* AuthInputModel.swift in Sources */ = {isa = PBXBuildFile; fileRef = ABD35DAC287C7B4900D02F45 /* AuthInputModel.swift */; };
		ABD35DAF287C86CE00D02F45 /* AuthViewModel.swift in Sources */ = {isa = PBXBuildFile; fileRef = ABD35DAE287C86CE00D02F45 /* AuthViewModel.swift */; };
		ABE9C547286A62E800ADC36B /* UserAreaRouter.swift in Sources */ = {isa = PBXBuildFile; fileRef = ABE9C546286A62E800ADC36B /* UserAreaRouter.swift */; };
		ABEDA64A28458DAE00DDC902 /* style.json in Resources */ = {isa = PBXBuildFile; fileRef = ABEDA64928458DAE00DDC902 /* style.json */; };
		ABEDA64C284671AB00DDC902 /* Queue.swift in Sources */ = {isa = PBXBuildFile; fileRef = ABEDA64B284671AB00DDC902 /* Queue.swift */; };
/* End PBXBuildFile section */

/* Begin PBXFileReference section */
		52EFB4E5A77D03716F401341 /* Pods_Loca.framework */ = {isa = PBXFileReference; explicitFileType = wrapper.framework; includeInIndex = 0; path = Pods_Loca.framework; sourceTree = BUILT_PRODUCTS_DIR; };
		7D19F1AF173B0070FB56693F /* Pods-Loca.debug.xcconfig */ = {isa = PBXFileReference; includeInIndex = 1; lastKnownFileType = text.xcconfig; name = "Pods-Loca.debug.xcconfig"; path = "Target Support Files/Pods-Loca/Pods-Loca.debug.xcconfig"; sourceTree = "<group>"; };
		AB3AC32128511F49003FFAAB /* MapViewModel.swift */ = {isa = PBXFileReference; lastKnownFileType = sourcecode.swift; path = MapViewModel.swift; sourceTree = "<group>"; };
		AB3AC32328512910003FFAAB /* ChankedArray.swift */ = {isa = PBXFileReference; lastKnownFileType = sourcecode.swift; path = ChankedArray.swift; sourceTree = "<group>"; };
		AB7660182866089100BD7B2E /* PasswordRecoveryView.swift */ = {isa = PBXFileReference; lastKnownFileType = sourcecode.swift; path = PasswordRecoveryView.swift; sourceTree = "<group>"; };
		AB76601A28660B0900BD7B2E /* PasswordRecoveryViewController.swift */ = {isa = PBXFileReference; lastKnownFileType = sourcecode.swift; path = PasswordRecoveryViewController.swift; sourceTree = "<group>"; };
		AB76601C286617E300BD7B2E /* AuthSample.swift */ = {isa = PBXFileReference; lastKnownFileType = sourcecode.swift; path = AuthSample.swift; sourceTree = "<group>"; };
		AB76601F2867763300BD7B2E /* UserAreaViewController.swift */ = {isa = PBXFileReference; lastKnownFileType = sourcecode.swift; path = UserAreaViewController.swift; sourceTree = "<group>"; };
		AB76602128677BB600BD7B2E /* UserAreaCell.swift */ = {isa = PBXFileReference; lastKnownFileType = sourcecode.swift; path = UserAreaCell.swift; sourceTree = "<group>"; };
		AB76602328677C9D00BD7B2E /* UserAreaSettings.swift */ = {isa = PBXFileReference; lastKnownFileType = sourcecode.swift; path = UserAreaSettings.swift; sourceTree = "<group>"; };
		AB76602928686D5200BD7B2E /* Text.swift */ = {isa = PBXFileReference; lastKnownFileType = sourcecode.swift; path = Text.swift; sourceTree = "<group>"; };
		AB76602C286876B000BD7B2E /* BaseRouter.swift */ = {isa = PBXFileReference; lastKnownFileType = sourcecode.swift; path = BaseRouter.swift; sourceTree = "<group>"; };
		AB85E6EB287DA4550010FEE2 /* LocationManager.swift */ = {isa = PBXFileReference; lastKnownFileType = sourcecode.swift; path = LocationManager.swift; sourceTree = "<group>"; };
		AB85E6EF288C39FD0010FEE2 /* MapRouter.swift */ = {isa = PBXFileReference; lastKnownFileType = sourcecode.swift; path = MapRouter.swift; sourceTree = "<group>"; };
		AB85E6F3288C73930010FEE2 /* MapState.swift */ = {isa = PBXFileReference; lastKnownFileType = sourcecode.swift; path = MapState.swift; sourceTree = "<group>"; };
		AB9CFFC7283E8E240036575F /* Loca.app */ = {isa = PBXFileReference; explicitFileType = wrapper.application; includeInIndex = 0; path = Loca.app; sourceTree = BUILT_PRODUCTS_DIR; };
		AB9CFFCA283E8E240036575F /* AppDelegate.swift */ = {isa = PBXFileReference; lastKnownFileType = sourcecode.swift; path = AppDelegate.swift; sourceTree = "<group>"; };
		AB9CFFCC283E8E240036575F /* SceneDelegate.swift */ = {isa = PBXFileReference; lastKnownFileType = sourcecode.swift; path = SceneDelegate.swift; sourceTree = "<group>"; };
		AB9CFFCE283E8E240036575F /* MapViewController.swift */ = {isa = PBXFileReference; lastKnownFileType = sourcecode.swift; path = MapViewController.swift; sourceTree = "<group>"; };
		AB9CFFD3283E8E270036575F /* Assets.xcassets */ = {isa = PBXFileReference; lastKnownFileType = folder.assetcatalog; path = Assets.xcassets; sourceTree = "<group>"; };
		AB9CFFD6283E8E270036575F /* Base */ = {isa = PBXFileReference; lastKnownFileType = file.storyboard; name = Base; path = Base.lproj/LaunchScreen.storyboard; sourceTree = "<group>"; };
		AB9CFFD8283E8E270036575F /* Info.plist */ = {isa = PBXFileReference; lastKnownFileType = text.plist.xml; path = Info.plist; sourceTree = "<group>"; };
		ABA6C7FE288DDF49008DA26B /* TabBarController.swift */ = {isa = PBXFileReference; lastKnownFileType = sourcecode.swift; path = TabBarController.swift; sourceTree = "<group>"; };
		ABA6C800288DEC60008DA26B /* CustomTabBar.swift */ = {isa = PBXFileReference; lastKnownFileType = sourcecode.swift; path = CustomTabBar.swift; sourceTree = "<group>"; };
		ABA6C802288EF8E9008DA26B /* AppColors.swift */ = {isa = PBXFileReference; lastKnownFileType = sourcecode.swift; path = AppColors.swift; sourceTree = "<group>"; };
		ABA6C804288EF9F7008DA26B /* Colors.xcassets */ = {isa = PBXFileReference; lastKnownFileType = folder.assetcatalog; path = Colors.xcassets; sourceTree = "<group>"; };
		ABA6C808288F2482008DA26B /* RoutesListController.swift */ = {isa = PBXFileReference; lastKnownFileType = sourcecode.swift; path = RoutesListController.swift; sourceTree = "<group>"; };
		ABA6C80A288F2518008DA26B /* RoutesListView.swift */ = {isa = PBXFileReference; lastKnownFileType = sourcecode.swift; path = RoutesListView.swift; sourceTree = "<group>"; };
		ABA6C80C288F256A008DA26B /* RouteCell.swift */ = {isa = PBXFileReference; lastKnownFileType = sourcecode.swift; path = RouteCell.swift; sourceTree = "<group>"; };
		ABA6C80E288F25E6008DA26B /* RouteCellView.swift */ = {isa = PBXFileReference; lastKnownFileType = sourcecode.swift; path = RouteCellView.swift; sourceTree = "<group>"; };
		ABBC14532853647100BF0697 /* LocationRealm.swift */ = {isa = PBXFileReference; lastKnownFileType = sourcecode.swift; path = LocationRealm.swift; sourceTree = "<group>"; };
		ABBC1455285364F100BF0697 /* RouteRealm.swift */ = {isa = PBXFileReference; lastKnownFileType = sourcecode.swift; path = RouteRealm.swift; sourceTree = "<group>"; };
		ABBC14582853677400BF0697 /* RealmManager.swift */ = {isa = PBXFileReference; lastKnownFileType = sourcecode.swift; path = RealmManager.swift; sourceTree = "<group>"; };
		ABBC145F285A3B9200BF0697 /* AuthViewController.swift */ = {isa = PBXFileReference; lastKnownFileType = sourcecode.swift; path = AuthViewController.swift; sourceTree = "<group>"; };
		ABBC1469285C8FAA00BF0697 /* AuthView.swift */ = {isa = PBXFileReference; lastKnownFileType = sourcecode.swift; path = AuthView.swift; sourceTree = "<group>"; };
		ABCAC8F628A27DF20082BCB6 /* UserSettingsTableViewController.swift */ = {isa = PBXFileReference; lastKnownFileType = sourcecode.swift; path = UserSettingsTableViewController.swift; sourceTree = "<group>"; };
		ABCAC8F828A28A720082BCB6 /* + UIViewController.swift */ = {isa = PBXFileReference; lastKnownFileType = sourcecode.swift; path = "+ UIViewController.swift"; sourceTree = "<group>"; };
		ABD35DAA287C5AB400D02F45 /* SceneBlur.swift */ = {isa = PBXFileReference; lastKnownFileType = sourcecode.swift; path = SceneBlur.swift; sourceTree = "<group>"; };
		ABD35DAC287C7B4900D02F45 /* AuthInputModel.swift */ = {isa = PBXFileReference; lastKnownFileType = sourcecode.swift; path = AuthInputModel.swift; sourceTree = "<group>"; };
		ABD35DAE287C86CE00D02F45 /* AuthViewModel.swift */ = {isa = PBXFileReference; lastKnownFileType = sourcecode.swift; path = AuthViewModel.swift; sourceTree = "<group>"; };
		ABE9C546286A62E800ADC36B /* UserAreaRouter.swift */ = {isa = PBXFileReference; lastKnownFileType = sourcecode.swift; path = UserAreaRouter.swift; sourceTree = "<group>"; };
		ABEDA64928458DAE00DDC902 /* style.json */ = {isa = PBXFileReference; lastKnownFileType = text.json; path = style.json; sourceTree = "<group>"; };
		ABEDA64B284671AB00DDC902 /* Queue.swift */ = {isa = PBXFileReference; lastKnownFileType = sourcecode.swift; path = Queue.swift; sourceTree = "<group>"; };
		ACE16BF64FA0492E52DA5D40 /* Pods-Loca.release.xcconfig */ = {isa = PBXFileReference; includeInIndex = 1; lastKnownFileType = text.xcconfig; name = "Pods-Loca.release.xcconfig"; path = "Target Support Files/Pods-Loca/Pods-Loca.release.xcconfig"; sourceTree = "<group>"; };
/* End PBXFileReference section */

/* Begin PBXFrameworksBuildPhase section */
		AB9CFFC4283E8E240036575F /* Frameworks */ = {
			isa = PBXFrameworksBuildPhase;
			buildActionMask = 2147483647;
			files = (
				85F9DA7D87202CD65E33937E /* Pods_Loca.framework in Frameworks */,
			);
			runOnlyForDeploymentPostprocessing = 0;
		};
/* End PBXFrameworksBuildPhase section */

/* Begin PBXGroup section */
		46C4BA0E70EE53E8CA21887D /* Frameworks */ = {
			isa = PBXGroup;
			children = (
				52EFB4E5A77D03716F401341 /* Pods_Loca.framework */,
			);
			name = Frameworks;
			sourceTree = "<group>";
		};
		60903889E40945752CF15509 /* Pods */ = {
			isa = PBXGroup;
			children = (
				7D19F1AF173B0070FB56693F /* Pods-Loca.debug.xcconfig */,
				ACE16BF64FA0492E52DA5D40 /* Pods-Loca.release.xcconfig */,
			);
			path = Pods;
			sourceTree = "<group>";
		};
		AB3AC3252851293C003FFAAB /* Utility */ = {
			isa = PBXGroup;
			children = (
				ABEDA64B284671AB00DDC902 /* Queue.swift */,
				ABEDA64928458DAE00DDC902 /* style.json */,
				AB3AC32328512910003FFAAB /* ChankedArray.swift */,
				ABBC14582853677400BF0697 /* RealmManager.swift */,
			);
			path = Utility;
			sourceTree = "<group>";
		};
		AB76601E2867761500BD7B2E /* UserArea */ = {
			isa = PBXGroup;
			children = (
				AB76601F2867763300BD7B2E /* UserAreaViewController.swift */,
				ABCAC8F628A27DF20082BCB6 /* UserSettingsTableViewController.swift */,
				AB76602128677BB600BD7B2E /* UserAreaCell.swift */,
			);
			path = UserArea;
			sourceTree = "<group>";
		};
		AB76602728686D3200BD7B2E /* Common */ = {
			isa = PBXGroup;
			children = (
				ABBC145A28536A0600BF0697 /* Models */,
				AB76602828686D4500BD7B2E /* Helpers */,
			);
			path = Common;
			sourceTree = "<group>";
		};
		AB76602828686D4500BD7B2E /* Helpers */ = {
			isa = PBXGroup;
			children = (
				AB76602928686D5200BD7B2E /* Text.swift */,
				ABD35DAA287C5AB400D02F45 /* SceneBlur.swift */,
				AB85E6EB287DA4550010FEE2 /* LocationManager.swift */,
				ABA6C802288EF8E9008DA26B /* AppColors.swift */,
				ABCAC8F828A28A720082BCB6 /* + UIViewController.swift */,
			);
			path = Helpers;
			sourceTree = "<group>";
		};
		AB76602B2868769600BD7B2E /* Core */ = {
			isa = PBXGroup;
			children = (
				AB76602C286876B000BD7B2E /* BaseRouter.swift */,
				AB85E6EF288C39FD0010FEE2 /* MapRouter.swift */,
				ABE9C546286A62E800ADC36B /* UserAreaRouter.swift */,
			);
			path = Core;
			sourceTree = "<group>";
		};
		AB85E6F1288C73610010FEE2 /* View */ = {
			isa = PBXGroup;
			children = (
				AB9CFFCE283E8E240036575F /* MapViewController.swift */,
			);
			path = View;
			sourceTree = "<group>";
		};
		AB85E6F2288C73770010FEE2 /* ViewModel */ = {
			isa = PBXGroup;
			children = (
				AB3AC32128511F49003FFAAB /* MapViewModel.swift */,
				AB85E6F3288C73930010FEE2 /* MapState.swift */,
			);
			path = ViewModel;
			sourceTree = "<group>";
		};
		AB9CFFBE283E8E240036575F = {
			isa = PBXGroup;
			children = (
				AB9CFFC9283E8E240036575F /* Loca */,
				AB9CFFC8283E8E240036575F /* Products */,
				60903889E40945752CF15509 /* Pods */,
				46C4BA0E70EE53E8CA21887D /* Frameworks */,
			);
			sourceTree = "<group>";
		};
		AB9CFFC8283E8E240036575F /* Products */ = {
			isa = PBXGroup;
			children = (
				AB9CFFC7283E8E240036575F /* Loca.app */,
			);
			name = Products;
			sourceTree = "<group>";
		};
		AB9CFFC9283E8E240036575F /* Loca */ = {
			isa = PBXGroup;
			children = (
				ABBC1464285A3C7D00BF0697 /* App */,
				AB76602B2868769600BD7B2E /* Core */,
				AB76602728686D3200BD7B2E /* Common */,
				ABBC1465285A3CC500BF0697 /* Resources */,
				ABBC1466285A3CF800BF0697 /* Environments */,
				AB3AC3252851293C003FFAAB /* Utility */,
			);
			path = Loca;
			sourceTree = "<group>";
		};
		ABA6C7FD288DDF17008DA26B /* TabBar */ = {
			isa = PBXGroup;
			children = (
				ABA6C7FE288DDF49008DA26B /* TabBarController.swift */,
				ABA6C800288DEC60008DA26B /* CustomTabBar.swift */,
			);
			path = TabBar;
			sourceTree = "<group>";
		};
		ABA6C806288F245A008DA26B /* RoutesList */ = {
			isa = PBXGroup;
			children = (
				ABA6C808288F2482008DA26B /* RoutesListController.swift */,
				ABA6C80A288F2518008DA26B /* RoutesListView.swift */,
				ABA6C80C288F256A008DA26B /* RouteCell.swift */,
				ABA6C80E288F25E6008DA26B /* RouteCellView.swift */,
			);
			path = RoutesList;
			sourceTree = "<group>";
		};
		ABB60F572875E46000E34666 /* PasswordRecovery */ = {
			isa = PBXGroup;
			children = (
				AB76601A28660B0900BD7B2E /* PasswordRecoveryViewController.swift */,
				AB7660182866089100BD7B2E /* PasswordRecoveryView.swift */,
			);
			path = PasswordRecovery;
			sourceTree = "<group>";
		};
		ABBC14572853659B00BF0697 /* Realm */ = {
			isa = PBXGroup;
			children = (
				ABBC14532853647100BF0697 /* LocationRealm.swift */,
				ABBC1455285364F100BF0697 /* RouteRealm.swift */,
			);
			path = Realm;
			sourceTree = "<group>";
		};
		ABBC145A28536A0600BF0697 /* Models */ = {
			isa = PBXGroup;
			children = (
				AB76601C286617E300BD7B2E /* AuthSample.swift */,
				AB76602328677C9D00BD7B2E /* UserAreaSettings.swift */,
				ABD35DAC287C7B4900D02F45 /* AuthInputModel.swift */,
				ABBC14572853659B00BF0697 /* Realm */,
			);
			path = Models;
			sourceTree = "<group>";
		};
		ABBC1461285A3B9A00BF0697 /* Auth */ = {
			isa = PBXGroup;
			children = (
				ABBC1469285C8FAA00BF0697 /* AuthView.swift */,
				ABBC145F285A3B9200BF0697 /* AuthViewController.swift */,
				ABD35DAE287C86CE00D02F45 /* AuthViewModel.swift */,
			);
			path = Auth;
			sourceTree = "<group>";
		};
		ABBC1462285A3C1200BF0697 /* Flows */ = {
			isa = PBXGroup;
			children = (
				ABA6C806288F245A008DA26B /* RoutesList */,
				ABA6C7FD288DDF17008DA26B /* TabBar */,
				AB76601E2867761500BD7B2E /* UserArea */,
				ABBC1461285A3B9A00BF0697 /* Auth */,
				ABB60F572875E46000E34666 /* PasswordRecovery */,
				ABBC1463285A3C2200BF0697 /* Map */,
			);
			path = Flows;
			sourceTree = "<group>";
		};
		ABBC1463285A3C2200BF0697 /* Map */ = {
			isa = PBXGroup;
			children = (
				AB85E6F1288C73610010FEE2 /* View */,
				AB85E6F2288C73770010FEE2 /* ViewModel */,
			);
			path = Map;
			sourceTree = "<group>";
		};
		ABBC1464285A3C7D00BF0697 /* App */ = {
			isa = PBXGroup;
			children = (
				AB9CFFCA283E8E240036575F /* AppDelegate.swift */,
				AB9CFFCC283E8E240036575F /* SceneDelegate.swift */,
				ABBC1462285A3C1200BF0697 /* Flows */,
			);
			path = App;
			sourceTree = "<group>";
		};
		ABBC1465285A3CC500BF0697 /* Resources */ = {
			isa = PBXGroup;
			children = (
				AB9CFFD3283E8E270036575F /* Assets.xcassets */,
				AB9CFFD5283E8E270036575F /* LaunchScreen.storyboard */,
				ABA6C804288EF9F7008DA26B /* Colors.xcassets */,
			);
			path = Resources;
			sourceTree = "<group>";
		};
		ABBC1466285A3CF800BF0697 /* Environments */ = {
			isa = PBXGroup;
			children = (
				AB9CFFD8283E8E270036575F /* Info.plist */,
			);
			path = Environments;
			sourceTree = "<group>";
		};
/* End PBXGroup section */

/* Begin PBXNativeTarget section */
		AB9CFFC6283E8E240036575F /* Loca */ = {
			isa = PBXNativeTarget;
			buildConfigurationList = AB9CFFDB283E8E270036575F /* Build configuration list for PBXNativeTarget "Loca" */;
			buildPhases = (
				36815D0B1E53F60B18BA5FF9 /* [CP] Check Pods Manifest.lock */,
				AB9CFFC3283E8E240036575F /* Sources */,
				AB9CFFC4283E8E240036575F /* Frameworks */,
				AB9CFFC5283E8E240036575F /* Resources */,
				FD0CCAB026EB7FA89D0414A4 /* [CP] Copy Pods Resources */,
				28CF5B76A4E2C65C27E80C29 /* [CP] Embed Pods Frameworks */,
			);
			buildRules = (
			);
			dependencies = (
			);
			name = Loca;
			productName = Loca;
			productReference = AB9CFFC7283E8E240036575F /* Loca.app */;
			productType = "com.apple.product-type.application";
		};
/* End PBXNativeTarget section */

/* Begin PBXProject section */
		AB9CFFBF283E8E240036575F /* Project object */ = {
			isa = PBXProject;
			attributes = {
				BuildIndependentTargetsInParallel = 1;
				LastSwiftUpdateCheck = 1340;
				LastUpgradeCheck = 1340;
				TargetAttributes = {
					AB9CFFC6283E8E240036575F = {
						CreatedOnToolsVersion = 13.4;
					};
				};
			};
			buildConfigurationList = AB9CFFC2283E8E240036575F /* Build configuration list for PBXProject "Loca" */;
			compatibilityVersion = "Xcode 13.0";
			developmentRegion = en;
			hasScannedForEncodings = 0;
			knownRegions = (
				en,
				Base,
			);
			mainGroup = AB9CFFBE283E8E240036575F;
			productRefGroup = AB9CFFC8283E8E240036575F /* Products */;
			projectDirPath = "";
			projectRoot = "";
			targets = (
				AB9CFFC6283E8E240036575F /* Loca */,
			);
		};
/* End PBXProject section */

/* Begin PBXResourcesBuildPhase section */
		AB9CFFC5283E8E240036575F /* Resources */ = {
			isa = PBXResourcesBuildPhase;
			buildActionMask = 2147483647;
			files = (
				AB9CFFD7283E8E270036575F /* LaunchScreen.storyboard in Resources */,
				ABA6C805288EF9F7008DA26B /* Colors.xcassets in Resources */,
				AB9CFFD4283E8E270036575F /* Assets.xcassets in Resources */,
				ABEDA64A28458DAE00DDC902 /* style.json in Resources */,
			);
			runOnlyForDeploymentPostprocessing = 0;
		};
/* End PBXResourcesBuildPhase section */

/* Begin PBXShellScriptBuildPhase section */
		28CF5B76A4E2C65C27E80C29 /* [CP] Embed Pods Frameworks */ = {
			isa = PBXShellScriptBuildPhase;
			buildActionMask = 2147483647;
			files = (
			);
			inputFileListPaths = (
				"${PODS_ROOT}/Target Support Files/Pods-Loca/Pods-Loca-frameworks-${CONFIGURATION}-input-files.xcfilelist",
			);
			name = "[CP] Embed Pods Frameworks";
			outputFileListPaths = (
				"${PODS_ROOT}/Target Support Files/Pods-Loca/Pods-Loca-frameworks-${CONFIGURATION}-output-files.xcfilelist",
			);
			runOnlyForDeploymentPostprocessing = 0;
			shellPath = /bin/sh;
			shellScript = "\"${PODS_ROOT}/Target Support Files/Pods-Loca/Pods-Loca-frameworks.sh\"\n";
			showEnvVarsInLog = 0;
		};
		36815D0B1E53F60B18BA5FF9 /* [CP] Check Pods Manifest.lock */ = {
			isa = PBXShellScriptBuildPhase;
			buildActionMask = 2147483647;
			files = (
			);
			inputFileListPaths = (
			);
			inputPaths = (
				"${PODS_PODFILE_DIR_PATH}/Podfile.lock",
				"${PODS_ROOT}/Manifest.lock",
			);
			name = "[CP] Check Pods Manifest.lock";
			outputFileListPaths = (
			);
			outputPaths = (
				"$(DERIVED_FILE_DIR)/Pods-Loca-checkManifestLockResult.txt",
			);
			runOnlyForDeploymentPostprocessing = 0;
			shellPath = /bin/sh;
			shellScript = "diff \"${PODS_PODFILE_DIR_PATH}/Podfile.lock\" \"${PODS_ROOT}/Manifest.lock\" > /dev/null\nif [ $? != 0 ] ; then\n    # print error to STDERR\n    echo \"error: The sandbox is not in sync with the Podfile.lock. Run 'pod install' or update your CocoaPods installation.\" >&2\n    exit 1\nfi\n# This output is used by Xcode 'outputs' to avoid re-running this script phase.\necho \"SUCCESS\" > \"${SCRIPT_OUTPUT_FILE_0}\"\n";
			showEnvVarsInLog = 0;
		};
		FD0CCAB026EB7FA89D0414A4 /* [CP] Copy Pods Resources */ = {
			isa = PBXShellScriptBuildPhase;
			buildActionMask = 2147483647;
			files = (
			);
			inputFileListPaths = (
				"${PODS_ROOT}/Target Support Files/Pods-Loca/Pods-Loca-resources-${CONFIGURATION}-input-files.xcfilelist",
			);
			name = "[CP] Copy Pods Resources";
			outputFileListPaths = (
				"${PODS_ROOT}/Target Support Files/Pods-Loca/Pods-Loca-resources-${CONFIGURATION}-output-files.xcfilelist",
			);
			runOnlyForDeploymentPostprocessing = 0;
			shellPath = /bin/sh;
			shellScript = "\"${PODS_ROOT}/Target Support Files/Pods-Loca/Pods-Loca-resources.sh\"\n";
			showEnvVarsInLog = 0;
		};
/* End PBXShellScriptBuildPhase section */

/* Begin PBXSourcesBuildPhase section */
		AB9CFFC3283E8E240036575F /* Sources */ = {
			isa = PBXSourcesBuildPhase;
			buildActionMask = 2147483647;
			files = (
				ABE9C547286A62E800ADC36B /* UserAreaRouter.swift in Sources */,
				ABCAC8F728A27DF20082BCB6 /* UserSettingsTableViewController.swift in Sources */,
				ABA6C80F288F25E6008DA26B /* RouteCellView.swift in Sources */,
				ABA6C80B288F2518008DA26B /* RoutesListView.swift in Sources */,
				AB3AC32428512910003FFAAB /* ChankedArray.swift in Sources */,
				AB85E6F0288C39FD0010FEE2 /* MapRouter.swift in Sources */,
				ABCAC8F928A28A720082BCB6 /* + UIViewController.swift in Sources */,
				ABA6C7FF288DDF49008DA26B /* TabBarController.swift in Sources */,
				AB9CFFCF283E8E240036575F /* MapViewController.swift in Sources */,
				AB85E6F4288C73930010FEE2 /* MapState.swift in Sources */,
				ABBC1460285A3B9200BF0697 /* AuthViewController.swift in Sources */,
				AB76601D286617E300BD7B2E /* AuthSample.swift in Sources */,
				AB76602A28686D5200BD7B2E /* Text.swift in Sources */,
				AB3AC32228511F49003FFAAB /* MapViewModel.swift in Sources */,
				AB76602228677BB600BD7B2E /* UserAreaCell.swift in Sources */,
				AB76601B28660B0900BD7B2E /* PasswordRecoveryViewController.swift in Sources */,
				ABBC1456285364F100BF0697 /* RouteRealm.swift in Sources */,
				ABBC14542853647100BF0697 /* LocationRealm.swift in Sources */,
				AB7660192866089100BD7B2E /* PasswordRecoveryView.swift in Sources */,
				ABBC14592853677400BF0697 /* RealmManager.swift in Sources */,
				ABA6C801288DEC60008DA26B /* CustomTabBar.swift in Sources */,
				ABA6C803288EF8E9008DA26B /* AppColors.swift in Sources */,
				AB7660202867763300BD7B2E /* UserAreaViewController.swift in Sources */,
				ABD35DAD287C7B4900D02F45 /* AuthInputModel.swift in Sources */,
				AB76602D286876B000BD7B2E /* BaseRouter.swift in Sources */,
				ABA6C809288F2482008DA26B /* RoutesListController.swift in Sources */,
				ABD35DAB287C5AB400D02F45 /* SceneBlur.swift in Sources */,
				ABD35DAF287C86CE00D02F45 /* AuthViewModel.swift in Sources */,
				ABA6C80D288F256A008DA26B /* RouteCell.swift in Sources */,
				AB9CFFCB283E8E240036575F /* AppDelegate.swift in Sources */,
				AB9CFFCD283E8E240036575F /* SceneDelegate.swift in Sources */,
				AB85E6EC287DA4550010FEE2 /* LocationManager.swift in Sources */,
				ABBC146A285C8FAA00BF0697 /* AuthView.swift in Sources */,
				AB76602428677C9D00BD7B2E /* UserAreaSettings.swift in Sources */,
				ABEDA64C284671AB00DDC902 /* Queue.swift in Sources */,
			);
			runOnlyForDeploymentPostprocessing = 0;
		};
/* End PBXSourcesBuildPhase section */

/* Begin PBXVariantGroup section */
		AB9CFFD5283E8E270036575F /* LaunchScreen.storyboard */ = {
			isa = PBXVariantGroup;
			children = (
				AB9CFFD6283E8E270036575F /* Base */,
			);
			name = LaunchScreen.storyboard;
			sourceTree = "<group>";
		};
/* End PBXVariantGroup section */

/* Begin XCBuildConfiguration section */
		AB9CFFD9283E8E270036575F /* Debug */ = {
			isa = XCBuildConfiguration;
			buildSettings = {
				ALWAYS_SEARCH_USER_PATHS = NO;
				CLANG_ANALYZER_NONNULL = YES;
				CLANG_ANALYZER_NUMBER_OBJECT_CONVERSION = YES_AGGRESSIVE;
				CLANG_CXX_LANGUAGE_STANDARD = "gnu++17";
				CLANG_ENABLE_MODULES = YES;
				CLANG_ENABLE_OBJC_ARC = YES;
				CLANG_ENABLE_OBJC_WEAK = YES;
				CLANG_WARN_BLOCK_CAPTURE_AUTORELEASING = YES;
				CLANG_WARN_BOOL_CONVERSION = YES;
				CLANG_WARN_COMMA = YES;
				CLANG_WARN_CONSTANT_CONVERSION = YES;
				CLANG_WARN_DEPRECATED_OBJC_IMPLEMENTATIONS = YES;
				CLANG_WARN_DIRECT_OBJC_ISA_USAGE = YES_ERROR;
				CLANG_WARN_DOCUMENTATION_COMMENTS = YES;
				CLANG_WARN_EMPTY_BODY = YES;
				CLANG_WARN_ENUM_CONVERSION = YES;
				CLANG_WARN_INFINITE_RECURSION = YES;
				CLANG_WARN_INT_CONVERSION = YES;
				CLANG_WARN_NON_LITERAL_NULL_CONVERSION = YES;
				CLANG_WARN_OBJC_IMPLICIT_RETAIN_SELF = YES;
				CLANG_WARN_OBJC_LITERAL_CONVERSION = YES;
				CLANG_WARN_OBJC_ROOT_CLASS = YES_ERROR;
				CLANG_WARN_QUOTED_INCLUDE_IN_FRAMEWORK_HEADER = YES;
				CLANG_WARN_RANGE_LOOP_ANALYSIS = YES;
				CLANG_WARN_STRICT_PROTOTYPES = YES;
				CLANG_WARN_SUSPICIOUS_MOVE = YES;
				CLANG_WARN_UNGUARDED_AVAILABILITY = YES_AGGRESSIVE;
				CLANG_WARN_UNREACHABLE_CODE = YES;
				CLANG_WARN__DUPLICATE_METHOD_MATCH = YES;
				COPY_PHASE_STRIP = NO;
				DEBUG_INFORMATION_FORMAT = dwarf;
				ENABLE_STRICT_OBJC_MSGSEND = YES;
				ENABLE_TESTABILITY = YES;
				"EXCLUDED_ARCHS[sdk=iphonesimulator*]" = arm64;
				GCC_C_LANGUAGE_STANDARD = gnu11;
				GCC_DYNAMIC_NO_PIC = NO;
				GCC_NO_COMMON_BLOCKS = YES;
				GCC_OPTIMIZATION_LEVEL = 0;
				GCC_PREPROCESSOR_DEFINITIONS = (
					"DEBUG=1",
					"$(inherited)",
				);
				GCC_WARN_64_TO_32_BIT_CONVERSION = YES;
				GCC_WARN_ABOUT_RETURN_TYPE = YES_ERROR;
				GCC_WARN_UNDECLARED_SELECTOR = YES;
				GCC_WARN_UNINITIALIZED_AUTOS = YES_AGGRESSIVE;
				GCC_WARN_UNUSED_FUNCTION = YES;
				GCC_WARN_UNUSED_VARIABLE = YES;
				IPHONEOS_DEPLOYMENT_TARGET = 15.5;
				MTL_ENABLE_DEBUG_INFO = INCLUDE_SOURCE;
				MTL_FAST_MATH = YES;
				ONLY_ACTIVE_ARCH = YES;
				SDKROOT = iphoneos;
				SWIFT_ACTIVE_COMPILATION_CONDITIONS = DEBUG;
				SWIFT_OPTIMIZATION_LEVEL = "-Onone";
			};
			name = Debug;
		};
		AB9CFFDA283E8E270036575F /* Release */ = {
			isa = XCBuildConfiguration;
			buildSettings = {
				ALWAYS_SEARCH_USER_PATHS = NO;
				CLANG_ANALYZER_NONNULL = YES;
				CLANG_ANALYZER_NUMBER_OBJECT_CONVERSION = YES_AGGRESSIVE;
				CLANG_CXX_LANGUAGE_STANDARD = "gnu++17";
				CLANG_ENABLE_MODULES = YES;
				CLANG_ENABLE_OBJC_ARC = YES;
				CLANG_ENABLE_OBJC_WEAK = YES;
				CLANG_WARN_BLOCK_CAPTURE_AUTORELEASING = YES;
				CLANG_WARN_BOOL_CONVERSION = YES;
				CLANG_WARN_COMMA = YES;
				CLANG_WARN_CONSTANT_CONVERSION = YES;
				CLANG_WARN_DEPRECATED_OBJC_IMPLEMENTATIONS = YES;
				CLANG_WARN_DIRECT_OBJC_ISA_USAGE = YES_ERROR;
				CLANG_WARN_DOCUMENTATION_COMMENTS = YES;
				CLANG_WARN_EMPTY_BODY = YES;
				CLANG_WARN_ENUM_CONVERSION = YES;
				CLANG_WARN_INFINITE_RECURSION = YES;
				CLANG_WARN_INT_CONVERSION = YES;
				CLANG_WARN_NON_LITERAL_NULL_CONVERSION = YES;
				CLANG_WARN_OBJC_IMPLICIT_RETAIN_SELF = YES;
				CLANG_WARN_OBJC_LITERAL_CONVERSION = YES;
				CLANG_WARN_OBJC_ROOT_CLASS = YES_ERROR;
				CLANG_WARN_QUOTED_INCLUDE_IN_FRAMEWORK_HEADER = YES;
				CLANG_WARN_RANGE_LOOP_ANALYSIS = YES;
				CLANG_WARN_STRICT_PROTOTYPES = YES;
				CLANG_WARN_SUSPICIOUS_MOVE = YES;
				CLANG_WARN_UNGUARDED_AVAILABILITY = YES_AGGRESSIVE;
				CLANG_WARN_UNREACHABLE_CODE = YES;
				CLANG_WARN__DUPLICATE_METHOD_MATCH = YES;
				COPY_PHASE_STRIP = NO;
				DEBUG_INFORMATION_FORMAT = "dwarf-with-dsym";
				ENABLE_NS_ASSERTIONS = NO;
				ENABLE_STRICT_OBJC_MSGSEND = YES;
				"EXCLUDED_ARCHS[sdk=iphonesimulator*]" = arm64;
				GCC_C_LANGUAGE_STANDARD = gnu11;
				GCC_NO_COMMON_BLOCKS = YES;
				GCC_WARN_64_TO_32_BIT_CONVERSION = YES;
				GCC_WARN_ABOUT_RETURN_TYPE = YES_ERROR;
				GCC_WARN_UNDECLARED_SELECTOR = YES;
				GCC_WARN_UNINITIALIZED_AUTOS = YES_AGGRESSIVE;
				GCC_WARN_UNUSED_FUNCTION = YES;
				GCC_WARN_UNUSED_VARIABLE = YES;
				IPHONEOS_DEPLOYMENT_TARGET = 15.5;
				MTL_ENABLE_DEBUG_INFO = NO;
				MTL_FAST_MATH = YES;
				SDKROOT = iphoneos;
				SWIFT_COMPILATION_MODE = wholemodule;
				SWIFT_OPTIMIZATION_LEVEL = "-O";
				VALIDATE_PRODUCT = YES;
			};
			name = Release;
		};
		AB9CFFDC283E8E270036575F /* Debug */ = {
			isa = XCBuildConfiguration;
			baseConfigurationReference = 7D19F1AF173B0070FB56693F /* Pods-Loca.debug.xcconfig */;
			buildSettings = {
				ASSETCATALOG_COMPILER_APPICON_NAME = AppIcon;
				ASSETCATALOG_COMPILER_GLOBAL_ACCENT_COLOR_NAME = AccentColor;
				CODE_SIGN_STYLE = Automatic;
				CURRENT_PROJECT_VERSION = 1;
				DEVELOPMENT_TEAM = 93LWHTP5BH;
				GENERATE_INFOPLIST_FILE = YES;
				INFOPLIST_FILE = Loca/Environments/Info.plist;
				INFOPLIST_KEY_NSLocationAlwaysAndWhenInUseUsageDescription = "Please enable";
				INFOPLIST_KEY_NSLocationWhenInUseUsageDescription = "Please enable";
				INFOPLIST_KEY_UIApplicationSupportsIndirectInputEvents = YES;
				INFOPLIST_KEY_UILaunchStoryboardName = LaunchScreen;
				INFOPLIST_KEY_UISupportedInterfaceOrientations_iPad = "UIInterfaceOrientationPortrait UIInterfaceOrientationPortraitUpsideDown UIInterfaceOrientationLandscapeLeft UIInterfaceOrientationLandscapeRight";
				INFOPLIST_KEY_UISupportedInterfaceOrientations_iPhone = "UIInterfaceOrientationPortrait UIInterfaceOrientationLandscapeLeft UIInterfaceOrientationLandscapeRight";
				LD_RUNPATH_SEARCH_PATHS = (
					"$(inherited)",
					"@executable_path/Frameworks",
				);
				MARKETING_VERSION = 1.0;
				PRODUCT_BUNDLE_IDENTIFIER = rs.newhome.Loca;
				PRODUCT_NAME = "$(TARGET_NAME)";
				SWIFT_EMIT_LOC_STRINGS = YES;
				SWIFT_VERSION = 5.0;
				TARGETED_DEVICE_FAMILY = "1,2";
			};
			name = Debug;
		};
		AB9CFFDD283E8E270036575F /* Release */ = {
			isa = XCBuildConfiguration;
			baseConfigurationReference = ACE16BF64FA0492E52DA5D40 /* Pods-Loca.release.xcconfig */;
			buildSettings = {
				ASSETCATALOG_COMPILER_APPICON_NAME = AppIcon;
				ASSETCATALOG_COMPILER_GLOBAL_ACCENT_COLOR_NAME = AccentColor;
				CODE_SIGN_STYLE = Automatic;
				CURRENT_PROJECT_VERSION = 1;
				DEVELOPMENT_TEAM = 93LWHTP5BH;
				GENERATE_INFOPLIST_FILE = YES;
				INFOPLIST_FILE = Loca/Environments/Info.plist;
				INFOPLIST_KEY_NSLocationAlwaysAndWhenInUseUsageDescription = "Please enable";
				INFOPLIST_KEY_NSLocationWhenInUseUsageDescription = "Please enable";
				INFOPLIST_KEY_UIApplicationSupportsIndirectInputEvents = YES;
				INFOPLIST_KEY_UILaunchStoryboardName = LaunchScreen;
				INFOPLIST_KEY_UISupportedInterfaceOrientations_iPad = "UIInterfaceOrientationPortrait UIInterfaceOrientationPortraitUpsideDown UIInterfaceOrientationLandscapeLeft UIInterfaceOrientationLandscapeRight";
				INFOPLIST_KEY_UISupportedInterfaceOrientations_iPhone = "UIInterfaceOrientationPortrait UIInterfaceOrientationLandscapeLeft UIInterfaceOrientationLandscapeRight";
				LD_RUNPATH_SEARCH_PATHS = (
					"$(inherited)",
					"@executable_path/Frameworks",
				);
				MARKETING_VERSION = 1.0;
				PRODUCT_BUNDLE_IDENTIFIER = rs.newhome.Loca;
				PRODUCT_NAME = "$(TARGET_NAME)";
				SWIFT_EMIT_LOC_STRINGS = YES;
				SWIFT_VERSION = 5.0;
				TARGETED_DEVICE_FAMILY = "1,2";
			};
			name = Release;
		};
/* End XCBuildConfiguration section */

/* Begin XCConfigurationList section */
		AB9CFFC2283E8E240036575F /* Build configuration list for PBXProject "Loca" */ = {
			isa = XCConfigurationList;
			buildConfigurations = (
				AB9CFFD9283E8E270036575F /* Debug */,
				AB9CFFDA283E8E270036575F /* Release */,
			);
			defaultConfigurationIsVisible = 0;
			defaultConfigurationName = Release;
		};
		AB9CFFDB283E8E270036575F /* Build configuration list for PBXNativeTarget "Loca" */ = {
			isa = XCConfigurationList;
			buildConfigurations = (
				AB9CFFDC283E8E270036575F /* Debug */,
				AB9CFFDD283E8E270036575F /* Release */,
			);
			defaultConfigurationIsVisible = 0;
			defaultConfigurationName = Release;
		};
/* End XCConfigurationList section */
	};
	rootObject = AB9CFFBF283E8E240036575F /* Project object */;
}
